
Microsoft Visual Studio Solution File, Format Version 12.00
# Visual Studio Version 17
VisualStudioVersion = 17.8.34309.116
MinimumVisualStudioVersion = 10.0.40219.1
Project("{FAE04EC0-301F-11D3-BF4B-00C04F79EFBC}") = "RabbitMQProducer.ConsoleApp", "Producer\RabbitMQProducer.ConsoleApp.csproj", "{82BC3619-8B3B-441A-AA95-C1E6D0EFF123}"
EndProject
Project("{FAE04EC0-301F-11D3-BF4B-00C04F79EFBC}") = "RabbitMQConsumer.ConsoleApp", "Consumer\RabbitMQConsumer.ConsoleApp.csproj", "{FAFE3D14-2A68-45B3-BAC7-5E8DAEB219B3}"
EndProject
Project("{FAE04EC0-301F-11D3-BF4B-00C04F79EFBC}") = "RabbitMQProducer.WebApp", "RabbitMQProducer.WebApp\RabbitMQProducer.WebApp.csproj", "{999091F2-0D1E-46DA-8FD2-7771F8CE3E17}"
EndProject
Project("{FAE04EC0-301F-11D3-BF4B-00C04F79EFBC}") = "RabbitMQConsumer.WebApp", "RabbitMQConsumer.WebApp\RabbitMQConsumer.WebApp.csproj", "{5B28BCC1-F9C6-467F-B09D-A759BD7D8BA7}"
EndProject
Project("{2150E333-8FDC-42A3-9474-1A3956D46DE8}") = "Console", "Console", "{7C83AD3E-9987-461B-BE73-6244267B4FFB}"
EndProject
Project("{2150E333-8FDC-42A3-9474-1A3956D46DE8}") = "WebApp", "WebApp", "{AB3BA895-5A8A-48D9-A852-877DC556813D}"
EndProject
Global
	GlobalSection(SolutionConfigurationPlatforms) = preSolution
		Debug|Any CPU = Debug|Any CPU
		Release|Any CPU = Release|Any CPU
	EndGlobalSection
	GlobalSection(ProjectConfigurationPlatforms) = postSolution
		{82BC3619-8B3B-441A-AA95-C1E6D0EFF123}.Debug|Any CPU.ActiveCfg = Debug|Any CPU
		{82BC3619-8B3B-441A-AA95-C1E6D0EFF123}.Debug|Any CPU.Build.0 = Debug|Any CPU
		{82BC3619-8B3B-441A-AA95-C1E6D0EFF123}.Release|Any CPU.ActiveCfg = Release|Any CPU
		{82BC3619-8B3B-441A-AA95-C1E6D0EFF123}.Release|Any CPU.Build.0 = Release|Any CPU
		{FAFE3D14-2A68-45B3-BAC7-5E8DAEB219B3}.Debug|Any CPU.ActiveCfg = Debug|Any CPU
		{FAFE3D14-2A68-45B3-BAC7-5E8DAEB219B3}.Debug|Any CPU.Build.0 = Debug|Any CPU
		{FAFE3D14-2A68-45B3-BAC7-5E8DAEB219B3}.Release|Any CPU.ActiveCfg = Release|Any CPU
		{FAFE3D14-2A68-45B3-BAC7-5E8DAEB219B3}.Release|Any CPU.Build.0 = Release|Any CPU
		{999091F2-0D1E-46DA-8FD2-7771F8CE3E17}.Debug|Any CPU.ActiveCfg = Debug|Any CPU
		{999091F2-0D1E-46DA-8FD2-7771F8CE3E17}.Debug|Any CPU.Build.0 = Debug|Any CPU
		{999091F2-0D1E-46DA-8FD2-7771F8CE3E17}.Release|Any CPU.ActiveCfg = Release|Any CPU
		{999091F2-0D1E-46DA-8FD2-7771F8CE3E17}.Release|Any CPU.Build.0 = Release|Any CPU
		{5B28BCC1-F9C6-467F-B09D-A759BD7D8BA7}.Debug|Any CPU.ActiveCfg = Debug|Any CPU
		{5B28BCC1-F9C6-467F-B09D-A759BD7D8BA7}.Debug|Any CPU.Build.0 = Debug|Any CPU
		{5B28BCC1-F9C6-467F-B09D-A759BD7D8BA7}.Release|Any CPU.ActiveCfg = Release|Any CPU
		{5B28BCC1-F9C6-467F-B09D-A759BD7D8BA7}.Release|Any CPU.Build.0 = Release|Any CPU
	EndGlobalSection
	GlobalSection(SolutionProperties) = preSolution
		HideSolutionNode = FALSE
	EndGlobalSection
	GlobalSection(NestedProjects) = preSolution
		{82BC3619-8B3B-441A-AA95-C1E6D0EFF123} = {7C83AD3E-9987-461B-BE73-6244267B4FFB}
		{FAFE3D14-2A68-45B3-BAC7-5E8DAEB219B3} = {7C83AD3E-9987-461B-BE73-6244267B4FFB}
		{999091F2-0D1E-46DA-8FD2-7771F8CE3E17} = {AB3BA895-5A8A-48D9-A852-877DC556813D}
		{5B28BCC1-F9C6-467F-B09D-A759BD7D8BA7} = {AB3BA895-5A8A-48D9-A852-877DC556813D}
	EndGlobalSection
	GlobalSection(ExtensibilityGlobals) = postSolution
		SolutionGuid = {F91F492A-5941-412D-BC4D-DBA74E2318E9}
	EndGlobalSection
EndGlobal
