
Microsoft Visual Studio Solution File, Format Version 12.00
# Visual Studio Version 17
VisualStudioVersion = 17.8.34309.116
MinimumVisualStudioVersion = 10.0.40219.1
Project("{2150E333-8FDC-42A3-9474-1A3956D46DE8}") = "Console", "Console", "{7C83AD3E-9987-461B-BE73-6244267B4FFB}"
EndProject
Project("{2150E333-8FDC-42A3-9474-1A3956D46DE8}") = "WebApp", "WebApp", "{AB3BA895-5A8A-48D9-A852-877DC556813D}"
EndProject
Project("{2150E333-8FDC-42A3-9474-1A3956D46DE8}") = "MassTransit", "MassTransit", "{0E862746-2BEB-4E6B-831B-F3BF0EA74603}"
EndProject
Project("{9A19103F-16F7-4668-BE54-9A1E7A4F7556}") = "Consumer.MassTransit", "MassTransit\Consumer.MassTransit\Consumer.MassTransit.csproj", "{523077CC-A1D8-4018-B015-58FE74520679}"
EndProject
Project("{9A19103F-16F7-4668-BE54-9A1E7A4F7556}") = "MassTransit.Models", "MassTransit\MassTransit.Models\MassTransit.Models.csproj", "{F32D482A-6D63-4EF0-A6F7-F5E0ED9A9262}"
EndProject
Project("{9A19103F-16F7-4668-BE54-9A1E7A4F7556}") = "Producer.MassTransit", "MassTransit\Producer.MassTransit\Producer.MassTransit.csproj", "{7FE0B46E-6897-4247-9224-10999010D24E}"
EndProject
Project("{9A19103F-16F7-4668-BE54-9A1E7A4F7556}") = "RabbitMQConsumer.ConsoleApp", "Console\Consumer\RabbitMQConsumer.ConsoleApp.csproj", "{51A825C0-1CA0-4AC3-ABF6-9CCA4B7C252A}"
EndProject
Project("{9A19103F-16F7-4668-BE54-9A1E7A4F7556}") = "RabbitMQProducer.ConsoleApp", "Console\Producer\RabbitMQProducer.ConsoleApp.csproj", "{FCA14CDA-17D1-41C0-B851-E431BC65DA3F}"
EndProject
Project("{9A19103F-16F7-4668-BE54-9A1E7A4F7556}") = "RabbitMQConsumer.WebApp", "WebApp\RabbitMQConsumer.WebApp\RabbitMQConsumer.WebApp.csproj", "{A4C090DD-EE5E-4388-BACE-6FC4FA188E99}"
EndProject
Project("{9A19103F-16F7-4668-BE54-9A1E7A4F7556}") = "RabbitMQProducer.WebApp", "WebApp\RabbitMQProducer.WebApp\RabbitMQProducer.WebApp.csproj", "{321D6D03-09C7-4361-9507-3BCB0DFDF218}"
EndProject
Project("{FAE04EC0-301F-11D3-BF4B-00C04F79EFBC}") = "RabbitMQConsumer.MassTransit", "RabbitMQConsumer.MassTransit\RabbitMQConsumer.MassTransit.csproj", "{F35EFB88-21E6-44A4-9D47-7E6BE1314B95}"
EndProject
Global
	GlobalSection(SolutionConfigurationPlatforms) = preSolution
		Debug|Any CPU = Debug|Any CPU
		Release|Any CPU = Release|Any CPU
	EndGlobalSection
	GlobalSection(ProjectConfigurationPlatforms) = postSolution
		{523077CC-A1D8-4018-B015-58FE74520679}.Debug|Any CPU.ActiveCfg = Debug|Any CPU
		{523077CC-A1D8-4018-B015-58FE74520679}.Debug|Any CPU.Build.0 = Debug|Any CPU
		{523077CC-A1D8-4018-B015-58FE74520679}.Release|Any CPU.ActiveCfg = Release|Any CPU
		{523077CC-A1D8-4018-B015-58FE74520679}.Release|Any CPU.Build.0 = Release|Any CPU
		{F32D482A-6D63-4EF0-A6F7-F5E0ED9A9262}.Debug|Any CPU.ActiveCfg = Debug|Any CPU
		{F32D482A-6D63-4EF0-A6F7-F5E0ED9A9262}.Debug|Any CPU.Build.0 = Debug|Any CPU
		{F32D482A-6D63-4EF0-A6F7-F5E0ED9A9262}.Release|Any CPU.ActiveCfg = Release|Any CPU
		{F32D482A-6D63-4EF0-A6F7-F5E0ED9A9262}.Release|Any CPU.Build.0 = Release|Any CPU
		{7FE0B46E-6897-4247-9224-10999010D24E}.Debug|Any CPU.ActiveCfg = Debug|Any CPU
		{7FE0B46E-6897-4247-9224-10999010D24E}.Debug|Any CPU.Build.0 = Debug|Any CPU
		{7FE0B46E-6897-4247-9224-10999010D24E}.Release|Any CPU.ActiveCfg = Release|Any CPU
		{7FE0B46E-6897-4247-9224-10999010D24E}.Release|Any CPU.Build.0 = Release|Any CPU
		{51A825C0-1CA0-4AC3-ABF6-9CCA4B7C252A}.Debug|Any CPU.ActiveCfg = Debug|Any CPU
		{51A825C0-1CA0-4AC3-ABF6-9CCA4B7C252A}.Debug|Any CPU.Build.0 = Debug|Any CPU
		{51A825C0-1CA0-4AC3-ABF6-9CCA4B7C252A}.Release|Any CPU.ActiveCfg = Release|Any CPU
		{51A825C0-1CA0-4AC3-ABF6-9CCA4B7C252A}.Release|Any CPU.Build.0 = Release|Any CPU
		{FCA14CDA-17D1-41C0-B851-E431BC65DA3F}.Debug|Any CPU.ActiveCfg = Debug|Any CPU
		{FCA14CDA-17D1-41C0-B851-E431BC65DA3F}.Debug|Any CPU.Build.0 = Debug|Any CPU
		{FCA14CDA-17D1-41C0-B851-E431BC65DA3F}.Release|Any CPU.ActiveCfg = Release|Any CPU
		{FCA14CDA-17D1-41C0-B851-E431BC65DA3F}.Release|Any CPU.Build.0 = Release|Any CPU
		{A4C090DD-EE5E-4388-BACE-6FC4FA188E99}.Debug|Any CPU.ActiveCfg = Debug|Any CPU
		{A4C090DD-EE5E-4388-BACE-6FC4FA188E99}.Debug|Any CPU.Build.0 = Debug|Any CPU
		{A4C090DD-EE5E-4388-BACE-6FC4FA188E99}.Release|Any CPU.ActiveCfg = Release|Any CPU
		{A4C090DD-EE5E-4388-BACE-6FC4FA188E99}.Release|Any CPU.Build.0 = Release|Any CPU
		{321D6D03-09C7-4361-9507-3BCB0DFDF218}.Debug|Any CPU.ActiveCfg = Debug|Any CPU
		{321D6D03-09C7-4361-9507-3BCB0DFDF218}.Debug|Any CPU.Build.0 = Debug|Any CPU
		{321D6D03-09C7-4361-9507-3BCB0DFDF218}.Release|Any CPU.ActiveCfg = Release|Any CPU
		{321D6D03-09C7-4361-9507-3BCB0DFDF218}.Release|Any CPU.Build.0 = Release|Any CPU
		{F35EFB88-21E6-44A4-9D47-7E6BE1314B95}.Debug|Any CPU.ActiveCfg = Debug|Any CPU
		{F35EFB88-21E6-44A4-9D47-7E6BE1314B95}.Debug|Any CPU.Build.0 = Debug|Any CPU
		{F35EFB88-21E6-44A4-9D47-7E6BE1314B95}.Release|Any CPU.ActiveCfg = Release|Any CPU
		{F35EFB88-21E6-44A4-9D47-7E6BE1314B95}.Release|Any CPU.Build.0 = Release|Any CPU
	EndGlobalSection
	GlobalSection(SolutionProperties) = preSolution
		HideSolutionNode = FALSE
	EndGlobalSection
	GlobalSection(NestedProjects) = preSolution
		{523077CC-A1D8-4018-B015-58FE74520679} = {0E862746-2BEB-4E6B-831B-F3BF0EA74603}
		{F32D482A-6D63-4EF0-A6F7-F5E0ED9A9262} = {0E862746-2BEB-4E6B-831B-F3BF0EA74603}
		{7FE0B46E-6897-4247-9224-10999010D24E} = {0E862746-2BEB-4E6B-831B-F3BF0EA74603}
		{51A825C0-1CA0-4AC3-ABF6-9CCA4B7C252A} = {7C83AD3E-9987-461B-BE73-6244267B4FFB}
		{FCA14CDA-17D1-41C0-B851-E431BC65DA3F} = {7C83AD3E-9987-461B-BE73-6244267B4FFB}
		{A4C090DD-EE5E-4388-BACE-6FC4FA188E99} = {AB3BA895-5A8A-48D9-A852-877DC556813D}
		{321D6D03-09C7-4361-9507-3BCB0DFDF218} = {AB3BA895-5A8A-48D9-A852-877DC556813D}
		{F35EFB88-21E6-44A4-9D47-7E6BE1314B95} = {0E862746-2BEB-4E6B-831B-F3BF0EA74603}
	EndGlobalSection
	GlobalSection(ExtensibilityGlobals) = postSolution
		SolutionGuid = {F91F492A-5941-412D-BC4D-DBA74E2318E9}
	EndGlobalSection
EndGlobal
